
Microsoft Visual Studio Solution File, Format Version 12.00
# Visual Studio Version 17
VisualStudioVersion = 17.0.31903.59
MinimumVisualStudioVersion = 10.0.40219.1
Project("{2150E333-8FDC-42A3-9474-1A3956D46DE8}") = "src", "src", "{827E0CD3-B72D-47B6-A68D-7590B98EB39B}"
EndProject
Project("{FAE04EC0-301F-11D3-BF4B-00C04F79EFBC}") = "Gaya.Api", "src\Gaya.Api\Gaya.Api.csproj", "{2C202E62-B7E0-43EF-84F0-96B0C5A234BE}"
EndProject
Project("{FAE04EC0-301F-11D3-BF4B-00C04F79EFBC}") = "Gaya.Application", "src\Gaya.Application\Gaya.Application.csproj", "{CA420D76-E1D9-4117-B56D-10419B8E7FE2}"
EndProject
Project("{FAE04EC0-301F-11D3-BF4B-00C04F79EFBC}") = "Gaya.Domain", "src\Gaya.Domain\Gaya.Domain.csproj", "{80B46481-6373-4369-931D-95B8915DE27E}"
EndProject
Project("{FAE04EC0-301F-11D3-BF4B-00C04F79EFBC}") = "Gaya.Infrastructure", "src\Gaya.Infrastructure\Gaya.Infrastructure.csproj", "{528A8294-31DB-4F15-AA54-046F75EEEB5C}"
EndProject
Project("{FAE04EC0-301F-11D3-BF4B-00C04F79EFBC}") = "Gaya.UnitTests", "tests\Gaya.UnitTests\Gaya.UnitTests.csproj", "{1B36E052-DC64-4A31-AB5D-D8EB8E08971B}"
EndProject
Global
	GlobalSection(SolutionConfigurationPlatforms) = preSolution
		Debug|Any CPU = Debug|Any CPU
		Debug|x64 = Debug|x64
		Debug|x86 = Debug|x86
		Release|Any CPU = Release|Any CPU
		Release|x64 = Release|x64
		Release|x86 = Release|x86
	EndGlobalSection
	GlobalSection(ProjectConfigurationPlatforms) = postSolution
		{2C202E62-B7E0-43EF-84F0-96B0C5A234BE}.Debug|Any CPU.ActiveCfg = Debug|Any CPU
		{2C202E62-B7E0-43EF-84F0-96B0C5A234BE}.Debug|Any CPU.Build.0 = Debug|Any CPU
		{2C202E62-B7E0-43EF-84F0-96B0C5A234BE}.Debug|x64.ActiveCfg = Debug|Any CPU
		{2C202E62-B7E0-43EF-84F0-96B0C5A234BE}.Debug|x64.Build.0 = Debug|Any CPU
		{2C202E62-B7E0-43EF-84F0-96B0C5A234BE}.Debug|x86.ActiveCfg = Debug|Any CPU
		{2C202E62-B7E0-43EF-84F0-96B0C5A234BE}.Debug|x86.Build.0 = Debug|Any CPU
		{2C202E62-B7E0-43EF-84F0-96B0C5A234BE}.Release|Any CPU.ActiveCfg = Release|Any CPU
		{2C202E62-B7E0-43EF-84F0-96B0C5A234BE}.Release|Any CPU.Build.0 = Release|Any CPU
		{2C202E62-B7E0-43EF-84F0-96B0C5A234BE}.Release|x64.ActiveCfg = Release|Any CPU
		{2C202E62-B7E0-43EF-84F0-96B0C5A234BE}.Release|x64.Build.0 = Release|Any CPU
		{2C202E62-B7E0-43EF-84F0-96B0C5A234BE}.Release|x86.ActiveCfg = Release|Any CPU
		{2C202E62-B7E0-43EF-84F0-96B0C5A234BE}.Release|x86.Build.0 = Release|Any CPU
		{CA420D76-E1D9-4117-B56D-10419B8E7FE2}.Debug|Any CPU.ActiveCfg = Debug|Any CPU
		{CA420D76-E1D9-4117-B56D-10419B8E7FE2}.Debug|Any CPU.Build.0 = Debug|Any CPU
		{CA420D76-E1D9-4117-B56D-10419B8E7FE2}.Debug|x64.ActiveCfg = Debug|Any CPU
		{CA420D76-E1D9-4117-B56D-10419B8E7FE2}.Debug|x64.Build.0 = Debug|Any CPU
		{CA420D76-E1D9-4117-B56D-10419B8E7FE2}.Debug|x86.ActiveCfg = Debug|Any CPU
		{CA420D76-E1D9-4117-B56D-10419B8E7FE2}.Debug|x86.Build.0 = Debug|Any CPU
		{CA420D76-E1D9-4117-B56D-10419B8E7FE2}.Release|Any CPU.ActiveCfg = Release|Any CPU
		{CA420D76-E1D9-4117-B56D-10419B8E7FE2}.Release|Any CPU.Build.0 = Release|Any CPU
		{CA420D76-E1D9-4117-B56D-10419B8E7FE2}.Release|x64.ActiveCfg = Release|Any CPU
		{CA420D76-E1D9-4117-B56D-10419B8E7FE2}.Release|x64.Build.0 = Release|Any CPU
		{CA420D76-E1D9-4117-B56D-10419B8E7FE2}.Release|x86.ActiveCfg = Release|Any CPU
		{CA420D76-E1D9-4117-B56D-10419B8E7FE2}.Release|x86.Build.0 = Release|Any CPU
		{80B46481-6373-4369-931D-95B8915DE27E}.Debug|Any CPU.ActiveCfg = Debug|Any CPU
		{80B46481-6373-4369-931D-95B8915DE27E}.Debug|Any CPU.Build.0 = Debug|Any CPU
		{80B46481-6373-4369-931D-95B8915DE27E}.Debug|x64.ActiveCfg = Debug|Any CPU
		{80B46481-6373-4369-931D-95B8915DE27E}.Debug|x64.Build.0 = Debug|Any CPU
		{80B46481-6373-4369-931D-95B8915DE27E}.Debug|x86.ActiveCfg = Debug|Any CPU
		{80B46481-6373-4369-931D-95B8915DE27E}.Debug|x86.Build.0 = Debug|Any CPU
		{80B46481-6373-4369-931D-95B8915DE27E}.Release|Any CPU.ActiveCfg = Release|Any CPU
		{80B46481-6373-4369-931D-95B8915DE27E}.Release|Any CPU.Build.0 = Release|Any CPU
		{80B46481-6373-4369-931D-95B8915DE27E}.Release|x64.ActiveCfg = Release|Any CPU
		{80B46481-6373-4369-931D-95B8915DE27E}.Release|x64.Build.0 = Release|Any CPU
		{80B46481-6373-4369-931D-95B8915DE27E}.Release|x86.ActiveCfg = Release|Any CPU
		{80B46481-6373-4369-931D-95B8915DE27E}.Release|x86.Build.0 = Release|Any CPU
		{528A8294-31DB-4F15-AA54-046F75EEEB5C}.Debug|Any CPU.ActiveCfg = Debug|Any CPU
		{528A8294-31DB-4F15-AA54-046F75EEEB5C}.Debug|Any CPU.Build.0 = Debug|Any CPU
		{528A8294-31DB-4F15-AA54-046F75EEEB5C}.Debug|x64.ActiveCfg = Debug|Any CPU
		{528A8294-31DB-4F15-AA54-046F75EEEB5C}.Debug|x64.Build.0 = Debug|Any CPU
		{528A8294-31DB-4F15-AA54-046F75EEEB5C}.Debug|x86.ActiveCfg = Debug|Any CPU
		{528A8294-31DB-4F15-AA54-046F75EEEB5C}.Debug|x86.Build.0 = Debug|Any CPU
		{528A8294-31DB-4F15-AA54-046F75EEEB5C}.Release|Any CPU.ActiveCfg = Release|Any CPU
		{528A8294-31DB-4F15-AA54-046F75EEEB5C}.Release|Any CPU.Build.0 = Release|Any CPU
		{528A8294-31DB-4F15-AA54-046F75EEEB5C}.Release|x64.ActiveCfg = Release|Any CPU
		{528A8294-31DB-4F15-AA54-046F75EEEB5C}.Release|x64.Build.0 = Release|Any CPU
		{528A8294-31DB-4F15-AA54-046F75EEEB5C}.Release|x86.ActiveCfg = Release|Any CPU
		{528A8294-31DB-4F15-AA54-046F75EEEB5C}.Release|x86.Build.0 = Release|Any CPU
		{1B36E052-DC64-4A31-AB5D-D8EB8E08971B}.Debug|Any CPU.ActiveCfg = Debug|Any CPU
		{1B36E052-DC64-4A31-AB5D-D8EB8E08971B}.Debug|Any CPU.Build.0 = Debug|Any CPU
		{1B36E052-DC64-4A31-AB5D-D8EB8E08971B}.Debug|x64.ActiveCfg = Debug|Any CPU
		{1B36E052-DC64-4A31-AB5D-D8EB8E08971B}.Debug|x64.Build.0 = Debug|Any CPU
		{1B36E052-DC64-4A31-AB5D-D8EB8E08971B}.Debug|x86.ActiveCfg = Debug|Any CPU
		{1B36E052-DC64-4A31-AB5D-D8EB8E08971B}.Debug|x86.Build.0 = Debug|Any CPU
		{1B36E052-DC64-4A31-AB5D-D8EB8E08971B}.Release|Any CPU.ActiveCfg = Release|Any CPU
		{1B36E052-DC64-4A31-AB5D-D8EB8E08971B}.Release|Any CPU.Build.0 = Release|Any CPU
		{1B36E052-DC64-4A31-AB5D-D8EB8E08971B}.Release|x64.ActiveCfg = Release|Any CPU
		{1B36E052-DC64-4A31-AB5D-D8EB8E08971B}.Release|x64.Build.0 = Release|Any CPU
		{1B36E052-DC64-4A31-AB5D-D8EB8E08971B}.Release|x86.ActiveCfg = Release|Any CPU
		{1B36E052-DC64-4A31-AB5D-D8EB8E08971B}.Release|x86.Build.0 = Release|Any CPU
	EndGlobalSection
	GlobalSection(SolutionProperties) = preSolution
		HideSolutionNode = FALSE
	EndGlobalSection
	GlobalSection(NestedProjects) = preSolution
		{2C202E62-B7E0-43EF-84F0-96B0C5A234BE} = {827E0CD3-B72D-47B6-A68D-7590B98EB39B}
		{CA420D76-E1D9-4117-B56D-10419B8E7FE2} = {827E0CD3-B72D-47B6-A68D-7590B98EB39B}
		{80B46481-6373-4369-931D-95B8915DE27E} = {827E0CD3-B72D-47B6-A68D-7590B98EB39B}
		{528A8294-31DB-4F15-AA54-046F75EEEB5C} = {827E0CD3-B72D-47B6-A68D-7590B98EB39B}
		{1B36E052-DC64-4A31-AB5D-D8EB8E08971B} = {827E0CD3-B72D-47B6-A68D-7590B98EB39B}
	EndGlobalSection
EndGlobal
